
Microsoft Visual Studio Solution File, Format Version 12.00
# Visual Studio Version 17
VisualStudioVersion = 17.3.32825.248
MinimumVisualStudioVersion = 10.0.40219.1
Project("{FAE04EC0-301F-11D3-BF4B-00C04F79EFBC}") = "FixIncludes", "FixIncludes\FixIncludes.csproj", "{0F386799-F28B-498B-AA63-B85FA366B266}"
EndProject
Global
	GlobalSection(SolutionConfigurationPlatforms) = preSolution
		Debug|Any CPU = Debug|Any CPU
		Release|Any CPU = Release|Any CPU
	EndGlobalSection
	GlobalSection(ProjectConfigurationPlatforms) = postSolution
		{0F386799-F28B-498B-AA63-B85FA366B266}.Debug|Any CPU.ActiveCfg = Debug|Any CPU
		{0F386799-F28B-498B-AA63-B85FA366B266}.Debug|Any CPU.Build.0 = Debug|Any CPU
		{0F386799-F28B-498B-AA63-B85FA366B266}.Release|Any CPU.ActiveCfg = Release|Any CPU
		{0F386799-F28B-498B-AA63-B85FA366B266}.Release|Any CPU.Build.0 = Release|Any CPU
	EndGlobalSection
	GlobalSection(SolutionProperties) = preSolution
		HideSolutionNode = FALSE
	EndGlobalSection
	GlobalSection(ExtensibilityGlobals) = postSolution
		SolutionGuid = {8D89163B-49D7-4F27-AA15-B65EFDB6BEA8}
	EndGlobalSection
EndGlobal
